
Microsoft Visual Studio Solution File, Format Version 12.00
# Visual Studio Version 16
VisualStudioVersion = 16.0.30503.244
MinimumVisualStudioVersion = 10.0.40219.1
Project("{9A19103F-16F7-4668-BE54-9A1E7A4F7556}") = "Infrastructure", "Lib.RiotGames\Infrastructure.csproj", "{AEB06BE9-B1CC-4F98-B6B7-5DB0CB0A8FF2}"
EndProject
Project("{9A19103F-16F7-4668-BE54-9A1E7A4F7556}") = "Core", "Lib.RiotGames.Core\Core.csproj", "{B72F39AC-224C-4AB3-887D-D0168A44385A}"
EndProject
Project("{9A19103F-16F7-4668-BE54-9A1E7A4F7556}") = "Gamecen.Tests", "Lib.RiotGames.Tests\Gamecen.Tests.csproj", "{86359600-CA2D-4491-ABB1-3FCB841DC33C}"
EndProject
Project("{9A19103F-16F7-4668-BE54-9A1E7A4F7556}") = "Shared", "Shared\Shared.csproj", "{61FD6A58-2ACF-4E0B-A686-76A0791E09EC}"
EndProject
Global
	GlobalSection(SolutionConfigurationPlatforms) = preSolution
		Debug|Any CPU = Debug|Any CPU
		Release|Any CPU = Release|Any CPU
	EndGlobalSection
	GlobalSection(ProjectConfigurationPlatforms) = postSolution
		{AEB06BE9-B1CC-4F98-B6B7-5DB0CB0A8FF2}.Debug|Any CPU.ActiveCfg = Debug|Any CPU
		{AEB06BE9-B1CC-4F98-B6B7-5DB0CB0A8FF2}.Debug|Any CPU.Build.0 = Debug|Any CPU
		{AEB06BE9-B1CC-4F98-B6B7-5DB0CB0A8FF2}.Release|Any CPU.ActiveCfg = Release|Any CPU
		{AEB06BE9-B1CC-4F98-B6B7-5DB0CB0A8FF2}.Release|Any CPU.Build.0 = Release|Any CPU
		{B72F39AC-224C-4AB3-887D-D0168A44385A}.Debug|Any CPU.ActiveCfg = Debug|Any CPU
		{B72F39AC-224C-4AB3-887D-D0168A44385A}.Debug|Any CPU.Build.0 = Debug|Any CPU
		{B72F39AC-224C-4AB3-887D-D0168A44385A}.Release|Any CPU.ActiveCfg = Release|Any CPU
		{B72F39AC-224C-4AB3-887D-D0168A44385A}.Release|Any CPU.Build.0 = Release|Any CPU
		{86359600-CA2D-4491-ABB1-3FCB841DC33C}.Debug|Any CPU.ActiveCfg = Debug|Any CPU
		{86359600-CA2D-4491-ABB1-3FCB841DC33C}.Debug|Any CPU.Build.0 = Debug|Any CPU
		{86359600-CA2D-4491-ABB1-3FCB841DC33C}.Release|Any CPU.ActiveCfg = Release|Any CPU
		{86359600-CA2D-4491-ABB1-3FCB841DC33C}.Release|Any CPU.Build.0 = Release|Any CPU
		{61FD6A58-2ACF-4E0B-A686-76A0791E09EC}.Debug|Any CPU.ActiveCfg = Debug|Any CPU
		{61FD6A58-2ACF-4E0B-A686-76A0791E09EC}.Debug|Any CPU.Build.0 = Debug|Any CPU
		{61FD6A58-2ACF-4E0B-A686-76A0791E09EC}.Release|Any CPU.ActiveCfg = Release|Any CPU
		{61FD6A58-2ACF-4E0B-A686-76A0791E09EC}.Release|Any CPU.Build.0 = Release|Any CPU
	EndGlobalSection
	GlobalSection(SolutionProperties) = preSolution
		HideSolutionNode = FALSE
	EndGlobalSection
	GlobalSection(ExtensibilityGlobals) = postSolution
		SolutionGuid = {804E955E-3999-4386-B2AF-D08F8330507B}
	EndGlobalSection
EndGlobal
